<Solution>
  <Project Path="ATS_Collection/ATS_Collection.csproj" Id="2e28fdcc-ae90-44cd-94de-71db381a7986" />
  <Project Path="ATS_Composite/ATS_Composite.csproj" Id="8d1ab53e-3faf-4063-84b8-a0e598432a3a" />
  <Project Path="ATS_Interpreter/ATS_Interpreter.csproj" Id="f9adc74f-a454-4c72-bda9-3ee4d3141834" />
  <Project Path="OOPATSTest1/OOPATSTest1.csproj" Id="101abad4-84a7-4862-b917-2371d73c19c1" />
  <Project Path="OOP_ATS_att4/OOP_ATS_att4.csproj" Id="18b27639-ded9-47c8-bdac-e7991cb556e6" />
  <Project Path="OOP_ATS_Lab7/OOP_ATS_Lab7.csproj" Id="1b76d4ad-e814-4e9f-b61f-22bf414fac4a" />
  <Project Path="OOP_Lab3_ATS/OOP_Lab3_ATS.csproj" Id="d889b736-6d0d-4471-9c43-9d44acfe28ad" />
</Solution>
